{
  "nodes": {
    "nixpkgs": {
      "locked": {
        "lastModified": 1632915329,
        "narHash": "sha256-9jfowYeQdD4BPinCQmpeX6fVm/s96DgrzzcqvJs1ekM=",
        "owner": "NixOS",
        "repo": "nixpkgs",
        "rev": "e68eba2dba2e7b8be6506ea10e467c1e5932bf7a",
        "type": "github"
      },
      "original": {
        "owner": "NixOS",
        "repo": "nixpkgs",
        "type": "github"
      }
    },
    "root": {
      "inputs": {
        "nixpkgs": "nixpkgs"
      }
    }
  },
  "root": "root",
  "version": 7
}
